
Microsoft Visual Studio Solution File, Format Version 12.00
# Visual Studio Version 17
VisualStudioVersion = 17.13.35931.197 d17.13
MinimumVisualStudioVersion = 10.0.40219.1
Project("{FAE04EC0-301F-11D3-BF4B-00C04F79EFBC}") = "ChatBlazorSignalR", "ChatBlazorSignalR\ChatBlazorSignalR\ChatBlazorSignalR.csproj", "{218A77C4-10D6-485C-97EE-57205B8A931A}"
EndProject
Project("{FAE04EC0-301F-11D3-BF4B-00C04F79EFBC}") = "ChatBlazorSignalR.Client", "ChatBlazorSignalR\ChatBlazorSignalR.Client\ChatBlazorSignalR.Client.csproj", "{A8777C61-3F91-4F5E-A220-0E7AF5CD283D}"
EndProject
Global
	GlobalSection(SolutionConfigurationPlatforms) = preSolution
		Debug|Any CPU = Debug|Any CPU
		Release|Any CPU = Release|Any CPU
	EndGlobalSection
	GlobalSection(ProjectConfigurationPlatforms) = postSolution
		{218A77C4-10D6-485C-97EE-57205B8A931A}.Debug|Any CPU.ActiveCfg = Debug|Any CPU
		{218A77C4-10D6-485C-97EE-57205B8A931A}.Debug|Any CPU.Build.0 = Debug|Any CPU
		{218A77C4-10D6-485C-97EE-57205B8A931A}.Release|Any CPU.ActiveCfg = Release|Any CPU
		{218A77C4-10D6-485C-97EE-57205B8A931A}.Release|Any CPU.Build.0 = Release|Any CPU
		{A8777C61-3F91-4F5E-A220-0E7AF5CD283D}.Debug|Any CPU.ActiveCfg = Debug|Any CPU
		{A8777C61-3F91-4F5E-A220-0E7AF5CD283D}.Debug|Any CPU.Build.0 = Debug|Any CPU
		{A8777C61-3F91-4F5E-A220-0E7AF5CD283D}.Release|Any CPU.ActiveCfg = Release|Any CPU
		{A8777C61-3F91-4F5E-A220-0E7AF5CD283D}.Release|Any CPU.Build.0 = Release|Any CPU
	EndGlobalSection
	GlobalSection(SolutionProperties) = preSolution
		HideSolutionNode = FALSE
	EndGlobalSection
	GlobalSection(ExtensibilityGlobals) = postSolution
		SolutionGuid = {9F04F1F1-6288-47DC-B246-1C3035269DAB}
	EndGlobalSection
EndGlobal
